
Microsoft Visual Studio Solution File, Format Version 12.00
# Visual Studio 15
VisualStudioVersion = 15.0.27428.2043
MinimumVisualStudioVersion = 10.0.40219.1
Project("{FAE04EC0-301F-11D3-BF4B-00C04F79EFBC}") = "LazadaLatest", "LazadaLatest\LazadaLatest.csproj", "{29FBD1E2-CE08-46BB-A2B3-EB2801FBF725}"
EndProject
Global
	GlobalSection(SolutionConfigurationPlatforms) = preSolution
		Debug|Any CPU = Debug|Any CPU
		Release|Any CPU = Release|Any CPU
	EndGlobalSection
	GlobalSection(ProjectConfigurationPlatforms) = postSolution
		{29FBD1E2-CE08-46BB-A2B3-EB2801FBF725}.Debug|Any CPU.ActiveCfg = Debug|Any CPU
		{29FBD1E2-CE08-46BB-A2B3-EB2801FBF725}.Debug|Any CPU.Build.0 = Debug|Any CPU
		{29FBD1E2-CE08-46BB-A2B3-EB2801FBF725}.Release|Any CPU.ActiveCfg = Release|Any CPU
		{29FBD1E2-CE08-46BB-A2B3-EB2801FBF725}.Release|Any CPU.Build.0 = Release|Any CPU
	EndGlobalSection
	GlobalSection(SolutionProperties) = preSolution
		HideSolutionNode = FALSE
	EndGlobalSection
	GlobalSection(ExtensibilityGlobals) = postSolution
		SolutionGuid = {F39BC22A-9E3C-4EE4-8AC1-4E8BCE23ED47}
	EndGlobalSection
EndGlobal
